
Microsoft Visual Studio Solution File, Format Version 12.00
# Visual Studio Version 17
VisualStudioVersion = 17.5.002.0
MinimumVisualStudioVersion = 10.0.40219.1
Project("{2150E333-8FDC-42A3-9474-1A3956D46DE8}") = "Labfiles", "Labfiles", "{FB0F9F92-D480-47A8-919F-2E146CA72BAB}"
EndProject
Project("{2150E333-8FDC-42A3-9474-1A3956D46DE8}") = "07-custom-vision-image-classification", "07-custom-vision-image-classification", "{8970909A-0789-4DE4-9CF5-9E40062C6BD2}"
EndProject
Project("{2150E333-8FDC-42A3-9474-1A3956D46DE8}") = "C-Sharp", "C-Sharp", "{E07B8AF2-60F3-4E89-A417-75C21C24BE6A}"
EndProject
Project("{9A19103F-16F7-4668-BE54-9A1E7A4F7556}") = "test-classifier", "Labfiles\07-custom-vision-image-classification\C-Sharp\test-classifier\test-classifier.csproj", "{2E3A3931-A911-4B7D-81A5-8F7647FF7BC8}"
EndProject
Project("{9A19103F-16F7-4668-BE54-9A1E7A4F7556}") = "train-classifier", "Labfiles\07-custom-vision-image-classification\C-Sharp\train-classifier\train-classifier.csproj", "{34843680-4FAE-4C94-A877-40F3F89BC396}"
EndProject
Project("{2150E333-8FDC-42A3-9474-1A3956D46DE8}") = "04-face", "04-face", "{2D65350B-B6E0-4DB1-919E-DED4A1AB6B85}"
EndProject
Project("{2150E333-8FDC-42A3-9474-1A3956D46DE8}") = "C-Sharp", "C-Sharp", "{68F53FE4-A4D3-41D5-B75A-613328AF953A}"
EndProject
Project("{9A19103F-16F7-4668-BE54-9A1E7A4F7556}") = "analyze-faces", "Labfiles\04-face\C-Sharp\face-api\analyze-faces.csproj", "{CDC6FCE1-C754-4ACC-8FB5-A9740B81B7F0}"
EndProject
Project("{9A19103F-16F7-4668-BE54-9A1E7A4F7556}") = "detect-people", "Labfiles\04-face\C-Sharp\computer-vision\detect-people.csproj", "{1C0EF535-694A-4B50-AC41-BFFDA09B5B76}"
EndProject
Project("{2150E333-8FDC-42A3-9474-1A3956D46DE8}") = "05-ocr", "05-ocr", "{E00CF873-BB19-4F06-8AB1-36093FA19C1D}"
EndProject
Project("{2150E333-8FDC-42A3-9474-1A3956D46DE8}") = "C-Sharp", "C-Sharp", "{CD9942C9-BB23-46F3-9CEE-D61CB191AD5E}"
EndProject
Project("{9A19103F-16F7-4668-BE54-9A1E7A4F7556}") = "read-text", "Labfiles\05-ocr\C-Sharp\read-text\read-text.csproj", "{AE9BF44B-7777-421B-9215-03352C0399DB}"
EndProject
Project("{2150E333-8FDC-42A3-9474-1A3956D46DE8}") = "03-object-detection", "03-object-detection", "{46BDFF50-8BAC-435C-8228-40018DD794D5}"
EndProject
Project("{2150E333-8FDC-42A3-9474-1A3956D46DE8}") = "C-Sharp", "C-Sharp", "{0A3F877E-D81F-4C45-8DC7-6B269BA82B0F}"
EndProject
Project("{9A19103F-16F7-4668-BE54-9A1E7A4F7556}") = "test-detector", "Labfiles\03-object-detection\C-Sharp\test-detector\test-detector.csproj", "{2D2069BE-6076-4867-A13B-70C3252B78F4}"
EndProject
Project("{9A19103F-16F7-4668-BE54-9A1E7A4F7556}") = "train-detector", "Labfiles\03-object-detection\C-Sharp\train-detector\train-detector.csproj", "{DCFDFBD2-B6A4-44D3-A6C2-01768EAB4F76}"
EndProject
Project("{2150E333-8FDC-42A3-9474-1A3956D46DE8}") = "01-analyze-images", "01-analyze-images", "{9964DADF-F689-4416-8AE5-6AA6B2BDD5DE}"
EndProject
Project("{2150E333-8FDC-42A3-9474-1A3956D46DE8}") = "C-Sharp", "C-Sharp", "{99266C9F-63E3-4994-BB6E-60F0DB057B16}"
EndProject
Project("{9A19103F-16F7-4668-BE54-9A1E7A4F7556}") = "image-analysis", "Labfiles\01-analyze-images\C-Sharp\image-analysis\image-analysis.csproj", "{FA02F356-3DF4-4C5B-A300-162ED9D039CD}"
EndProject
Global
	GlobalSection(SolutionConfigurationPlatforms) = preSolution
		Debug|Any CPU = Debug|Any CPU
		Release|Any CPU = Release|Any CPU
	EndGlobalSection
	GlobalSection(ProjectConfigurationPlatforms) = postSolution
		{2E3A3931-A911-4B7D-81A5-8F7647FF7BC8}.Debug|Any CPU.ActiveCfg = Debug|Any CPU
		{2E3A3931-A911-4B7D-81A5-8F7647FF7BC8}.Debug|Any CPU.Build.0 = Debug|Any CPU
		{2E3A3931-A911-4B7D-81A5-8F7647FF7BC8}.Release|Any CPU.ActiveCfg = Release|Any CPU
		{2E3A3931-A911-4B7D-81A5-8F7647FF7BC8}.Release|Any CPU.Build.0 = Release|Any CPU
		{34843680-4FAE-4C94-A877-40F3F89BC396}.Debug|Any CPU.ActiveCfg = Debug|Any CPU
		{34843680-4FAE-4C94-A877-40F3F89BC396}.Debug|Any CPU.Build.0 = Debug|Any CPU
		{34843680-4FAE-4C94-A877-40F3F89BC396}.Release|Any CPU.ActiveCfg = Release|Any CPU
		{34843680-4FAE-4C94-A877-40F3F89BC396}.Release|Any CPU.Build.0 = Release|Any CPU
		{CDC6FCE1-C754-4ACC-8FB5-A9740B81B7F0}.Debug|Any CPU.ActiveCfg = Debug|Any CPU
		{CDC6FCE1-C754-4ACC-8FB5-A9740B81B7F0}.Debug|Any CPU.Build.0 = Debug|Any CPU
		{CDC6FCE1-C754-4ACC-8FB5-A9740B81B7F0}.Release|Any CPU.ActiveCfg = Release|Any CPU
		{CDC6FCE1-C754-4ACC-8FB5-A9740B81B7F0}.Release|Any CPU.Build.0 = Release|Any CPU
		{1C0EF535-694A-4B50-AC41-BFFDA09B5B76}.Debug|Any CPU.ActiveCfg = Debug|Any CPU
		{1C0EF535-694A-4B50-AC41-BFFDA09B5B76}.Debug|Any CPU.Build.0 = Debug|Any CPU
		{1C0EF535-694A-4B50-AC41-BFFDA09B5B76}.Release|Any CPU.ActiveCfg = Release|Any CPU
		{1C0EF535-694A-4B50-AC41-BFFDA09B5B76}.Release|Any CPU.Build.0 = Release|Any CPU
		{AE9BF44B-7777-421B-9215-03352C0399DB}.Debug|Any CPU.ActiveCfg = Debug|Any CPU
		{AE9BF44B-7777-421B-9215-03352C0399DB}.Debug|Any CPU.Build.0 = Debug|Any CPU
		{AE9BF44B-7777-421B-9215-03352C0399DB}.Release|Any CPU.ActiveCfg = Release|Any CPU
		{AE9BF44B-7777-421B-9215-03352C0399DB}.Release|Any CPU.Build.0 = Release|Any CPU
		{2D2069BE-6076-4867-A13B-70C3252B78F4}.Debug|Any CPU.ActiveCfg = Debug|Any CPU
		{2D2069BE-6076-4867-A13B-70C3252B78F4}.Debug|Any CPU.Build.0 = Debug|Any CPU
		{2D2069BE-6076-4867-A13B-70C3252B78F4}.Release|Any CPU.ActiveCfg = Release|Any CPU
		{2D2069BE-6076-4867-A13B-70C3252B78F4}.Release|Any CPU.Build.0 = Release|Any CPU
		{DCFDFBD2-B6A4-44D3-A6C2-01768EAB4F76}.Debug|Any CPU.ActiveCfg = Debug|Any CPU
		{DCFDFBD2-B6A4-44D3-A6C2-01768EAB4F76}.Debug|Any CPU.Build.0 = Debug|Any CPU
		{DCFDFBD2-B6A4-44D3-A6C2-01768EAB4F76}.Release|Any CPU.ActiveCfg = Release|Any CPU
		{DCFDFBD2-B6A4-44D3-A6C2-01768EAB4F76}.Release|Any CPU.Build.0 = Release|Any CPU
		{FA02F356-3DF4-4C5B-A300-162ED9D039CD}.Debug|Any CPU.ActiveCfg = Debug|Any CPU
		{FA02F356-3DF4-4C5B-A300-162ED9D039CD}.Debug|Any CPU.Build.0 = Debug|Any CPU
		{FA02F356-3DF4-4C5B-A300-162ED9D039CD}.Release|Any CPU.ActiveCfg = Release|Any CPU
		{FA02F356-3DF4-4C5B-A300-162ED9D039CD}.Release|Any CPU.Build.0 = Release|Any CPU
	EndGlobalSection
	GlobalSection(SolutionProperties) = preSolution
		HideSolutionNode = FALSE
	EndGlobalSection
	GlobalSection(NestedProjects) = preSolution
		{8970909A-0789-4DE4-9CF5-9E40062C6BD2} = {FB0F9F92-D480-47A8-919F-2E146CA72BAB}
		{E07B8AF2-60F3-4E89-A417-75C21C24BE6A} = {8970909A-0789-4DE4-9CF5-9E40062C6BD2}
		{2E3A3931-A911-4B7D-81A5-8F7647FF7BC8} = {E07B8AF2-60F3-4E89-A417-75C21C24BE6A}
		{34843680-4FAE-4C94-A877-40F3F89BC396} = {E07B8AF2-60F3-4E89-A417-75C21C24BE6A}
		{2D65350B-B6E0-4DB1-919E-DED4A1AB6B85} = {FB0F9F92-D480-47A8-919F-2E146CA72BAB}
		{68F53FE4-A4D3-41D5-B75A-613328AF953A} = {2D65350B-B6E0-4DB1-919E-DED4A1AB6B85}
		{CDC6FCE1-C754-4ACC-8FB5-A9740B81B7F0} = {68F53FE4-A4D3-41D5-B75A-613328AF953A}
		{1C0EF535-694A-4B50-AC41-BFFDA09B5B76} = {68F53FE4-A4D3-41D5-B75A-613328AF953A}
		{E00CF873-BB19-4F06-8AB1-36093FA19C1D} = {FB0F9F92-D480-47A8-919F-2E146CA72BAB}
		{CD9942C9-BB23-46F3-9CEE-D61CB191AD5E} = {E00CF873-BB19-4F06-8AB1-36093FA19C1D}
		{AE9BF44B-7777-421B-9215-03352C0399DB} = {CD9942C9-BB23-46F3-9CEE-D61CB191AD5E}
		{46BDFF50-8BAC-435C-8228-40018DD794D5} = {FB0F9F92-D480-47A8-919F-2E146CA72BAB}
		{0A3F877E-D81F-4C45-8DC7-6B269BA82B0F} = {46BDFF50-8BAC-435C-8228-40018DD794D5}
		{2D2069BE-6076-4867-A13B-70C3252B78F4} = {0A3F877E-D81F-4C45-8DC7-6B269BA82B0F}
		{DCFDFBD2-B6A4-44D3-A6C2-01768EAB4F76} = {0A3F877E-D81F-4C45-8DC7-6B269BA82B0F}
		{9964DADF-F689-4416-8AE5-6AA6B2BDD5DE} = {FB0F9F92-D480-47A8-919F-2E146CA72BAB}
		{99266C9F-63E3-4994-BB6E-60F0DB057B16} = {9964DADF-F689-4416-8AE5-6AA6B2BDD5DE}
		{FA02F356-3DF4-4C5B-A300-162ED9D039CD} = {99266C9F-63E3-4994-BB6E-60F0DB057B16}
	EndGlobalSection
	GlobalSection(ExtensibilityGlobals) = postSolution
		SolutionGuid = {A518444C-9D4E-4CCC-B52B-08CA02C0B89E}
	EndGlobalSection
EndGlobal
