
Microsoft Visual Studio Solution File, Format Version 12.00
# Visual Studio Version 17
VisualStudioVersion = 17.5.002.0
MinimumVisualStudioVersion = 10.0.40219.1
Project("{2150E333-8FDC-42A3-9474-1A3956D46DE8}") = "Labfiles", "Labfiles", "{A1ACA324-B7DE-4796-AA51-E4B87A0DEEB3}"
EndProject
Project("{2150E333-8FDC-42A3-9474-1A3956D46DE8}") = "07-custom-vision-image-classification", "07-custom-vision-image-classification", "{85F3E8FD-D35C-4A6E-A595-1BB9DE977842}"
EndProject
Project("{2150E333-8FDC-42A3-9474-1A3956D46DE8}") = "C-Sharp", "C-Sharp", "{8C285113-55CA-4E02-B6C1-700A4D1F5A1E}"
EndProject
Project("{9A19103F-16F7-4668-BE54-9A1E7A4F7556}") = "test-classifier", "Labfiles\07-custom-vision-image-classification\C-Sharp\test-classifier\test-classifier.csproj", "{CDE78C33-C1A8-4D6E-95F7-153CA1BC161A}"
EndProject
Project("{9A19103F-16F7-4668-BE54-9A1E7A4F7556}") = "train-classifier", "Labfiles\07-custom-vision-image-classification\C-Sharp\train-classifier\train-classifier.csproj", "{3BBECE0E-81F9-4179-B47F-EDAAB974B772}"
EndProject
Project("{2150E333-8FDC-42A3-9474-1A3956D46DE8}") = "04-face", "04-face", "{BCA1F54D-5C24-4E5B-B67E-532A52596DFC}"
EndProject
Project("{2150E333-8FDC-42A3-9474-1A3956D46DE8}") = "C-Sharp", "C-Sharp", "{6E6D492F-B697-47DD-A411-845574B06F32}"
EndProject
Project("{9A19103F-16F7-4668-BE54-9A1E7A4F7556}") = "analyze-faces", "Labfiles\04-face\C-Sharp\face-api\analyze-faces.csproj", "{7B91A7DA-C1A1-41DC-86E1-97EBCD599E62}"
EndProject
Project("{9A19103F-16F7-4668-BE54-9A1E7A4F7556}") = "detect-people", "Labfiles\04-face\C-Sharp\computer-vision\detect-people.csproj", "{A2DCBAB3-D3C3-4BE0-A123-93FD73AD438B}"
EndProject
Project("{2150E333-8FDC-42A3-9474-1A3956D46DE8}") = "05-ocr", "05-ocr", "{5D3F2BBB-3D18-4194-895F-3C10E039287E}"
EndProject
Project("{2150E333-8FDC-42A3-9474-1A3956D46DE8}") = "C-Sharp", "C-Sharp", "{42F8CE62-793F-4FD7-AF88-46F93BEC3003}"
EndProject
Project("{9A19103F-16F7-4668-BE54-9A1E7A4F7556}") = "read-text", "Labfiles\05-ocr\C-Sharp\read-text\read-text.csproj", "{34686870-2395-4C5B-8150-99B83C521E70}"
EndProject
Project("{2150E333-8FDC-42A3-9474-1A3956D46DE8}") = "03-object-detection", "03-object-detection", "{9F30C956-F99C-4B30-9627-3C6FE0176E81}"
EndProject
Project("{2150E333-8FDC-42A3-9474-1A3956D46DE8}") = "C-Sharp", "C-Sharp", "{9610EF14-0E9F-4A97-AC6E-3E4108B3E52B}"
EndProject
Project("{9A19103F-16F7-4668-BE54-9A1E7A4F7556}") = "test-detector", "Labfiles\03-object-detection\C-Sharp\test-detector\test-detector.csproj", "{7536ED96-ED0A-4642-B82B-CAA023534EFF}"
EndProject
Project("{9A19103F-16F7-4668-BE54-9A1E7A4F7556}") = "train-detector", "Labfiles\03-object-detection\C-Sharp\train-detector\train-detector.csproj", "{0C80EBE3-440C-473B-9E50-876CCB989261}"
EndProject
Project("{2150E333-8FDC-42A3-9474-1A3956D46DE8}") = "01-analyze-images", "01-analyze-images", "{BC25CE20-810C-4C01-96E6-D8D22CCE6D9F}"
EndProject
Project("{2150E333-8FDC-42A3-9474-1A3956D46DE8}") = "C-Sharp", "C-Sharp", "{F4DF87A5-DDE2-4666-AB27-F43D9C180A1A}"
EndProject
Project("{9A19103F-16F7-4668-BE54-9A1E7A4F7556}") = "image-analysis", "Labfiles\01-analyze-images\C-Sharp\image-analysis\image-analysis.csproj", "{EC08F591-A38F-4C90-8866-E4E50980E3A2}"
EndProject
Global
	GlobalSection(SolutionConfigurationPlatforms) = preSolution
		Debug|Any CPU = Debug|Any CPU
		Release|Any CPU = Release|Any CPU
	EndGlobalSection
	GlobalSection(ProjectConfigurationPlatforms) = postSolution
		{CDE78C33-C1A8-4D6E-95F7-153CA1BC161A}.Debug|Any CPU.ActiveCfg = Debug|Any CPU
		{CDE78C33-C1A8-4D6E-95F7-153CA1BC161A}.Debug|Any CPU.Build.0 = Debug|Any CPU
		{CDE78C33-C1A8-4D6E-95F7-153CA1BC161A}.Release|Any CPU.ActiveCfg = Release|Any CPU
		{CDE78C33-C1A8-4D6E-95F7-153CA1BC161A}.Release|Any CPU.Build.0 = Release|Any CPU
		{3BBECE0E-81F9-4179-B47F-EDAAB974B772}.Debug|Any CPU.ActiveCfg = Debug|Any CPU
		{3BBECE0E-81F9-4179-B47F-EDAAB974B772}.Debug|Any CPU.Build.0 = Debug|Any CPU
		{3BBECE0E-81F9-4179-B47F-EDAAB974B772}.Release|Any CPU.ActiveCfg = Release|Any CPU
		{3BBECE0E-81F9-4179-B47F-EDAAB974B772}.Release|Any CPU.Build.0 = Release|Any CPU
		{7B91A7DA-C1A1-41DC-86E1-97EBCD599E62}.Debug|Any CPU.ActiveCfg = Debug|Any CPU
		{7B91A7DA-C1A1-41DC-86E1-97EBCD599E62}.Debug|Any CPU.Build.0 = Debug|Any CPU
		{7B91A7DA-C1A1-41DC-86E1-97EBCD599E62}.Release|Any CPU.ActiveCfg = Release|Any CPU
		{7B91A7DA-C1A1-41DC-86E1-97EBCD599E62}.Release|Any CPU.Build.0 = Release|Any CPU
		{A2DCBAB3-D3C3-4BE0-A123-93FD73AD438B}.Debug|Any CPU.ActiveCfg = Debug|Any CPU
		{A2DCBAB3-D3C3-4BE0-A123-93FD73AD438B}.Debug|Any CPU.Build.0 = Debug|Any CPU
		{A2DCBAB3-D3C3-4BE0-A123-93FD73AD438B}.Release|Any CPU.ActiveCfg = Release|Any CPU
		{A2DCBAB3-D3C3-4BE0-A123-93FD73AD438B}.Release|Any CPU.Build.0 = Release|Any CPU
		{34686870-2395-4C5B-8150-99B83C521E70}.Debug|Any CPU.ActiveCfg = Debug|Any CPU
		{34686870-2395-4C5B-8150-99B83C521E70}.Debug|Any CPU.Build.0 = Debug|Any CPU
		{34686870-2395-4C5B-8150-99B83C521E70}.Release|Any CPU.ActiveCfg = Release|Any CPU
		{34686870-2395-4C5B-8150-99B83C521E70}.Release|Any CPU.Build.0 = Release|Any CPU
		{7536ED96-ED0A-4642-B82B-CAA023534EFF}.Debug|Any CPU.ActiveCfg = Debug|Any CPU
		{7536ED96-ED0A-4642-B82B-CAA023534EFF}.Debug|Any CPU.Build.0 = Debug|Any CPU
		{7536ED96-ED0A-4642-B82B-CAA023534EFF}.Release|Any CPU.ActiveCfg = Release|Any CPU
		{7536ED96-ED0A-4642-B82B-CAA023534EFF}.Release|Any CPU.Build.0 = Release|Any CPU
		{0C80EBE3-440C-473B-9E50-876CCB989261}.Debug|Any CPU.ActiveCfg = Debug|Any CPU
		{0C80EBE3-440C-473B-9E50-876CCB989261}.Debug|Any CPU.Build.0 = Debug|Any CPU
		{0C80EBE3-440C-473B-9E50-876CCB989261}.Release|Any CPU.ActiveCfg = Release|Any CPU
		{0C80EBE3-440C-473B-9E50-876CCB989261}.Release|Any CPU.Build.0 = Release|Any CPU
		{EC08F591-A38F-4C90-8866-E4E50980E3A2}.Debug|Any CPU.ActiveCfg = Debug|Any CPU
		{EC08F591-A38F-4C90-8866-E4E50980E3A2}.Debug|Any CPU.Build.0 = Debug|Any CPU
		{EC08F591-A38F-4C90-8866-E4E50980E3A2}.Release|Any CPU.ActiveCfg = Release|Any CPU
		{EC08F591-A38F-4C90-8866-E4E50980E3A2}.Release|Any CPU.Build.0 = Release|Any CPU
	EndGlobalSection
	GlobalSection(SolutionProperties) = preSolution
		HideSolutionNode = FALSE
	EndGlobalSection
	GlobalSection(NestedProjects) = preSolution
		{85F3E8FD-D35C-4A6E-A595-1BB9DE977842} = {A1ACA324-B7DE-4796-AA51-E4B87A0DEEB3}
		{8C285113-55CA-4E02-B6C1-700A4D1F5A1E} = {85F3E8FD-D35C-4A6E-A595-1BB9DE977842}
		{CDE78C33-C1A8-4D6E-95F7-153CA1BC161A} = {8C285113-55CA-4E02-B6C1-700A4D1F5A1E}
		{3BBECE0E-81F9-4179-B47F-EDAAB974B772} = {8C285113-55CA-4E02-B6C1-700A4D1F5A1E}
		{BCA1F54D-5C24-4E5B-B67E-532A52596DFC} = {A1ACA324-B7DE-4796-AA51-E4B87A0DEEB3}
		{6E6D492F-B697-47DD-A411-845574B06F32} = {BCA1F54D-5C24-4E5B-B67E-532A52596DFC}
		{7B91A7DA-C1A1-41DC-86E1-97EBCD599E62} = {6E6D492F-B697-47DD-A411-845574B06F32}
		{A2DCBAB3-D3C3-4BE0-A123-93FD73AD438B} = {6E6D492F-B697-47DD-A411-845574B06F32}
		{5D3F2BBB-3D18-4194-895F-3C10E039287E} = {A1ACA324-B7DE-4796-AA51-E4B87A0DEEB3}
		{42F8CE62-793F-4FD7-AF88-46F93BEC3003} = {5D3F2BBB-3D18-4194-895F-3C10E039287E}
		{34686870-2395-4C5B-8150-99B83C521E70} = {42F8CE62-793F-4FD7-AF88-46F93BEC3003}
		{9F30C956-F99C-4B30-9627-3C6FE0176E81} = {A1ACA324-B7DE-4796-AA51-E4B87A0DEEB3}
		{9610EF14-0E9F-4A97-AC6E-3E4108B3E52B} = {9F30C956-F99C-4B30-9627-3C6FE0176E81}
		{7536ED96-ED0A-4642-B82B-CAA023534EFF} = {9610EF14-0E9F-4A97-AC6E-3E4108B3E52B}
		{0C80EBE3-440C-473B-9E50-876CCB989261} = {9610EF14-0E9F-4A97-AC6E-3E4108B3E52B}
		{BC25CE20-810C-4C01-96E6-D8D22CCE6D9F} = {A1ACA324-B7DE-4796-AA51-E4B87A0DEEB3}
		{F4DF87A5-DDE2-4666-AB27-F43D9C180A1A} = {BC25CE20-810C-4C01-96E6-D8D22CCE6D9F}
		{EC08F591-A38F-4C90-8866-E4E50980E3A2} = {F4DF87A5-DDE2-4666-AB27-F43D9C180A1A}
	EndGlobalSection
	GlobalSection(ExtensibilityGlobals) = postSolution
		SolutionGuid = {A518444C-9D4E-4CCC-B52B-08CA02C0B89E}
	EndGlobalSection
EndGlobal
