
Microsoft Visual Studio Solution File, Format Version 12.00
# Visual Studio Version 17
VisualStudioVersion = 17.5.002.0
MinimumVisualStudioVersion = 10.0.40219.1
Project("{2150E333-8FDC-42A3-9474-1A3956D46DE8}") = "Labfiles", "Labfiles", "{57D3F4AE-8AA7-4612-A202-1135189AE978}"
EndProject
Project("{2150E333-8FDC-42A3-9474-1A3956D46DE8}") = "07-custom-vision-image-classification", "07-custom-vision-image-classification", "{C1D330EF-ADEB-4F25-B46B-EA264A1B10D4}"
EndProject
Project("{2150E333-8FDC-42A3-9474-1A3956D46DE8}") = "C-Sharp", "C-Sharp", "{6CEF80FC-E72D-4594-9354-D38B0C313878}"
EndProject
Project("{9A19103F-16F7-4668-BE54-9A1E7A4F7556}") = "test-classifier", "Labfiles\07-custom-vision-image-classification\C-Sharp\test-classifier\test-classifier.csproj", "{938BEF20-0E12-4A4A-84CC-FE64EE3196EE}"
EndProject
Project("{9A19103F-16F7-4668-BE54-9A1E7A4F7556}") = "train-classifier", "Labfiles\07-custom-vision-image-classification\C-Sharp\train-classifier\train-classifier.csproj", "{D1B818BA-EA95-44F4-B48E-EB00CB9FB8DF}"
EndProject
Project("{2150E333-8FDC-42A3-9474-1A3956D46DE8}") = "04-face", "04-face", "{CCFE59C7-31D8-4DF8-A7CF-5674BAAEA335}"
EndProject
Project("{2150E333-8FDC-42A3-9474-1A3956D46DE8}") = "C-Sharp", "C-Sharp", "{903CC6E2-546C-4498-8598-111C6EA5F43E}"
EndProject
Project("{9A19103F-16F7-4668-BE54-9A1E7A4F7556}") = "analyze-faces", "Labfiles\04-face\C-Sharp\face-api\analyze-faces.csproj", "{3F446D3E-947A-4414-8B47-83E843898806}"
EndProject
Project("{9A19103F-16F7-4668-BE54-9A1E7A4F7556}") = "detect-people", "Labfiles\04-face\C-Sharp\computer-vision\detect-people.csproj", "{F38F1A54-D2E7-4630-AD6F-CE624CFC70BD}"
EndProject
Project("{2150E333-8FDC-42A3-9474-1A3956D46DE8}") = "05-ocr", "05-ocr", "{EF24D205-0C80-4882-B60C-F1357D4BA9CB}"
EndProject
Project("{2150E333-8FDC-42A3-9474-1A3956D46DE8}") = "C-Sharp", "C-Sharp", "{56F9B4AF-1F77-4B8C-BE6E-CF63D70CDE7A}"
EndProject
Project("{9A19103F-16F7-4668-BE54-9A1E7A4F7556}") = "read-text", "Labfiles\05-ocr\C-Sharp\read-text\read-text.csproj", "{4FFE06EE-F379-4E47-8EDE-DE0234D409ED}"
EndProject
Project("{2150E333-8FDC-42A3-9474-1A3956D46DE8}") = "03-object-detection", "03-object-detection", "{3A2FEC6C-2136-42CF-AC99-AC5F1C07B2A8}"
EndProject
Project("{2150E333-8FDC-42A3-9474-1A3956D46DE8}") = "C-Sharp", "C-Sharp", "{223AC32A-F50C-45D4-B65E-8E32CECB3F0D}"
EndProject
Project("{9A19103F-16F7-4668-BE54-9A1E7A4F7556}") = "test-detector", "Labfiles\03-object-detection\C-Sharp\test-detector\test-detector.csproj", "{55E82709-09A9-4EF9-866A-0263C7149FB8}"
EndProject
Project("{9A19103F-16F7-4668-BE54-9A1E7A4F7556}") = "train-detector", "Labfiles\03-object-detection\C-Sharp\train-detector\train-detector.csproj", "{DD4D4106-94EE-43F7-869F-BFA6B664301D}"
EndProject
Project("{2150E333-8FDC-42A3-9474-1A3956D46DE8}") = "01-analyze-images", "01-analyze-images", "{8596C8BB-79C7-4BCE-B8A7-31C33E5F95E7}"
EndProject
Project("{2150E333-8FDC-42A3-9474-1A3956D46DE8}") = "C-Sharp", "C-Sharp", "{970B5725-9440-45B9-B358-82B19D7C7C9E}"
EndProject
Project("{9A19103F-16F7-4668-BE54-9A1E7A4F7556}") = "image-analysis", "Labfiles\01-analyze-images\C-Sharp\image-analysis\image-analysis.csproj", "{56B5B54D-C510-4F8E-9EF9-7DBDB19A5BCD}"
EndProject
Global
	GlobalSection(SolutionConfigurationPlatforms) = preSolution
		Debug|Any CPU = Debug|Any CPU
		Release|Any CPU = Release|Any CPU
	EndGlobalSection
	GlobalSection(ProjectConfigurationPlatforms) = postSolution
		{938BEF20-0E12-4A4A-84CC-FE64EE3196EE}.Debug|Any CPU.ActiveCfg = Debug|Any CPU
		{938BEF20-0E12-4A4A-84CC-FE64EE3196EE}.Debug|Any CPU.Build.0 = Debug|Any CPU
		{938BEF20-0E12-4A4A-84CC-FE64EE3196EE}.Release|Any CPU.ActiveCfg = Release|Any CPU
		{938BEF20-0E12-4A4A-84CC-FE64EE3196EE}.Release|Any CPU.Build.0 = Release|Any CPU
		{D1B818BA-EA95-44F4-B48E-EB00CB9FB8DF}.Debug|Any CPU.ActiveCfg = Debug|Any CPU
		{D1B818BA-EA95-44F4-B48E-EB00CB9FB8DF}.Debug|Any CPU.Build.0 = Debug|Any CPU
		{D1B818BA-EA95-44F4-B48E-EB00CB9FB8DF}.Release|Any CPU.ActiveCfg = Release|Any CPU
		{D1B818BA-EA95-44F4-B48E-EB00CB9FB8DF}.Release|Any CPU.Build.0 = Release|Any CPU
		{3F446D3E-947A-4414-8B47-83E843898806}.Debug|Any CPU.ActiveCfg = Debug|Any CPU
		{3F446D3E-947A-4414-8B47-83E843898806}.Debug|Any CPU.Build.0 = Debug|Any CPU
		{3F446D3E-947A-4414-8B47-83E843898806}.Release|Any CPU.ActiveCfg = Release|Any CPU
		{3F446D3E-947A-4414-8B47-83E843898806}.Release|Any CPU.Build.0 = Release|Any CPU
		{F38F1A54-D2E7-4630-AD6F-CE624CFC70BD}.Debug|Any CPU.ActiveCfg = Debug|Any CPU
		{F38F1A54-D2E7-4630-AD6F-CE624CFC70BD}.Debug|Any CPU.Build.0 = Debug|Any CPU
		{F38F1A54-D2E7-4630-AD6F-CE624CFC70BD}.Release|Any CPU.ActiveCfg = Release|Any CPU
		{F38F1A54-D2E7-4630-AD6F-CE624CFC70BD}.Release|Any CPU.Build.0 = Release|Any CPU
		{4FFE06EE-F379-4E47-8EDE-DE0234D409ED}.Debug|Any CPU.ActiveCfg = Debug|Any CPU
		{4FFE06EE-F379-4E47-8EDE-DE0234D409ED}.Debug|Any CPU.Build.0 = Debug|Any CPU
		{4FFE06EE-F379-4E47-8EDE-DE0234D409ED}.Release|Any CPU.ActiveCfg = Release|Any CPU
		{4FFE06EE-F379-4E47-8EDE-DE0234D409ED}.Release|Any CPU.Build.0 = Release|Any CPU
		{55E82709-09A9-4EF9-866A-0263C7149FB8}.Debug|Any CPU.ActiveCfg = Debug|Any CPU
		{55E82709-09A9-4EF9-866A-0263C7149FB8}.Debug|Any CPU.Build.0 = Debug|Any CPU
		{55E82709-09A9-4EF9-866A-0263C7149FB8}.Release|Any CPU.ActiveCfg = Release|Any CPU
		{55E82709-09A9-4EF9-866A-0263C7149FB8}.Release|Any CPU.Build.0 = Release|Any CPU
		{DD4D4106-94EE-43F7-869F-BFA6B664301D}.Debug|Any CPU.ActiveCfg = Debug|Any CPU
		{DD4D4106-94EE-43F7-869F-BFA6B664301D}.Debug|Any CPU.Build.0 = Debug|Any CPU
		{DD4D4106-94EE-43F7-869F-BFA6B664301D}.Release|Any CPU.ActiveCfg = Release|Any CPU
		{DD4D4106-94EE-43F7-869F-BFA6B664301D}.Release|Any CPU.Build.0 = Release|Any CPU
		{56B5B54D-C510-4F8E-9EF9-7DBDB19A5BCD}.Debug|Any CPU.ActiveCfg = Debug|Any CPU
		{56B5B54D-C510-4F8E-9EF9-7DBDB19A5BCD}.Debug|Any CPU.Build.0 = Debug|Any CPU
		{56B5B54D-C510-4F8E-9EF9-7DBDB19A5BCD}.Release|Any CPU.ActiveCfg = Release|Any CPU
		{56B5B54D-C510-4F8E-9EF9-7DBDB19A5BCD}.Release|Any CPU.Build.0 = Release|Any CPU
	EndGlobalSection
	GlobalSection(SolutionProperties) = preSolution
		HideSolutionNode = FALSE
	EndGlobalSection
	GlobalSection(NestedProjects) = preSolution
		{C1D330EF-ADEB-4F25-B46B-EA264A1B10D4} = {57D3F4AE-8AA7-4612-A202-1135189AE978}
		{6CEF80FC-E72D-4594-9354-D38B0C313878} = {C1D330EF-ADEB-4F25-B46B-EA264A1B10D4}
		{938BEF20-0E12-4A4A-84CC-FE64EE3196EE} = {6CEF80FC-E72D-4594-9354-D38B0C313878}
		{D1B818BA-EA95-44F4-B48E-EB00CB9FB8DF} = {6CEF80FC-E72D-4594-9354-D38B0C313878}
		{CCFE59C7-31D8-4DF8-A7CF-5674BAAEA335} = {57D3F4AE-8AA7-4612-A202-1135189AE978}
		{903CC6E2-546C-4498-8598-111C6EA5F43E} = {CCFE59C7-31D8-4DF8-A7CF-5674BAAEA335}
		{3F446D3E-947A-4414-8B47-83E843898806} = {903CC6E2-546C-4498-8598-111C6EA5F43E}
		{F38F1A54-D2E7-4630-AD6F-CE624CFC70BD} = {903CC6E2-546C-4498-8598-111C6EA5F43E}
		{EF24D205-0C80-4882-B60C-F1357D4BA9CB} = {57D3F4AE-8AA7-4612-A202-1135189AE978}
		{56F9B4AF-1F77-4B8C-BE6E-CF63D70CDE7A} = {EF24D205-0C80-4882-B60C-F1357D4BA9CB}
		{4FFE06EE-F379-4E47-8EDE-DE0234D409ED} = {56F9B4AF-1F77-4B8C-BE6E-CF63D70CDE7A}
		{3A2FEC6C-2136-42CF-AC99-AC5F1C07B2A8} = {57D3F4AE-8AA7-4612-A202-1135189AE978}
		{223AC32A-F50C-45D4-B65E-8E32CECB3F0D} = {3A2FEC6C-2136-42CF-AC99-AC5F1C07B2A8}
		{55E82709-09A9-4EF9-866A-0263C7149FB8} = {223AC32A-F50C-45D4-B65E-8E32CECB3F0D}
		{DD4D4106-94EE-43F7-869F-BFA6B664301D} = {223AC32A-F50C-45D4-B65E-8E32CECB3F0D}
		{8596C8BB-79C7-4BCE-B8A7-31C33E5F95E7} = {57D3F4AE-8AA7-4612-A202-1135189AE978}
		{970B5725-9440-45B9-B358-82B19D7C7C9E} = {8596C8BB-79C7-4BCE-B8A7-31C33E5F95E7}
		{56B5B54D-C510-4F8E-9EF9-7DBDB19A5BCD} = {970B5725-9440-45B9-B358-82B19D7C7C9E}
	EndGlobalSection
	GlobalSection(ExtensibilityGlobals) = postSolution
		SolutionGuid = {A518444C-9D4E-4CCC-B52B-08CA02C0B89E}
	EndGlobalSection
EndGlobal
